
Microsoft Visual Studio Solution File, Format Version 12.00
# Visual Studio Version 17
VisualStudioVersion = 17.0.31903.59
MinimumVisualStudioVersion = 10.0.40219.1
Project("{2150E333-8FDC-42A3-9474-1A3956D46DE8}") = "building-blocks", "building-blocks", "{31CBEB51-93DC-9CA1-DA8D-67643319BEE1}"
EndProject
Project("{FAE04EC0-301F-11D3-BF4B-00C04F79EFBC}") = "SharedKernel", "building-blocks\SharedKernel\SharedKernel.csproj", "{198AA86C-D74B-473D-8CE5-193FA737CCFC}"
EndProject
Project("{FAE04EC0-301F-11D3-BF4B-00C04F79EFBC}") = "EventBus", "building-blocks\EventBus\EventBus.csproj", "{DF58BD3A-3FB4-4B96-8A8E-C437A6F3E156}"
EndProject
Project("{FAE04EC0-301F-11D3-BF4B-00C04F79EFBC}") = "Observability", "building-blocks\Observability\Observability.csproj", "{165420BD-09AB-48A7-B296-A05DCBC954E3}"
EndProject
Project("{FAE04EC0-301F-11D3-BF4B-00C04F79EFBC}") = "ApiGateway", "gateway\ApiGateway\ApiGateway.csproj", "{4466584E-DAD4-44E1-AFAD-9B2A445FB611}"
EndProject
Project("{FAE04EC0-301F-11D3-BF4B-00C04F79EFBC}") = "WebBff", "bff\WebBff\WebBff.csproj", "{C52D486F-36FE-4634-BB37-F6B3CB82F18F}"
EndProject
Project("{FAE04EC0-301F-11D3-BF4B-00C04F79EFBC}") = "MobileBff", "bff\MobileBff\MobileBff.csproj", "{0FD8B4ED-5721-4822-BDA3-CAE9BD340E59}"
EndProject
Project("{FAE04EC0-301F-11D3-BF4B-00C04F79EFBC}") = "UserService.Domain", "services\UserService\UserService.Domain\UserService.Domain.csproj", "{C418B456-E983-4242-AB72-D0178A124DC3}"
EndProject
Project("{FAE04EC0-301F-11D3-BF4B-00C04F79EFBC}") = "UserService.Application", "services\UserService\UserService.Application\UserService.Application.csproj", "{A577AE98-321B-4775-8E4E-ED08A39F2C4B}"
EndProject
Project("{FAE04EC0-301F-11D3-BF4B-00C04F79EFBC}") = "UserService.Infrastructure", "services\UserService\UserService.Infrastructure\UserService.Infrastructure.csproj", "{CF98CE46-C202-4AF1-BA48-4A8365084555}"
EndProject
Project("{FAE04EC0-301F-11D3-BF4B-00C04F79EFBC}") = "UserService.Contracts", "services\UserService\UserService.Contracts\UserService.Contracts.csproj", "{089757B5-52A6-4E37-B254-DA26609DD196}"
EndProject
Project("{FAE04EC0-301F-11D3-BF4B-00C04F79EFBC}") = "UserService.API", "services\UserService\UserService.API\UserService.API.csproj", "{1847A11F-76AF-41C6-8790-0A6E6ED98FF9}"
EndProject
Project("{FAE04EC0-301F-11D3-BF4B-00C04F79EFBC}") = "OrderService.Domain", "services\OrderService\OrderService.Domain\OrderService.Domain.csproj", "{44BD368C-629A-4289-9CF7-A8C0A1B807B4}"
EndProject
Project("{FAE04EC0-301F-11D3-BF4B-00C04F79EFBC}") = "OrderService.Application", "services\OrderService\OrderService.Application\OrderService.Application.csproj", "{65B1C319-139A-4127-BE28-CFA43A403C01}"
EndProject
Project("{FAE04EC0-301F-11D3-BF4B-00C04F79EFBC}") = "OrderService.Infrastructure", "services\OrderService\OrderService.Infrastructure\OrderService.Infrastructure.csproj", "{BCE9AB5E-539D-4A67-AF50-D4B6981A4B0C}"
EndProject
Project("{FAE04EC0-301F-11D3-BF4B-00C04F79EFBC}") = "OrderService.Contracts", "services\OrderService\OrderService.Contracts\OrderService.Contracts.csproj", "{3E8AE49F-269F-4478-8486-8633C97039FC}"
EndProject
Project("{FAE04EC0-301F-11D3-BF4B-00C04F79EFBC}") = "OrderService.API", "services\OrderService\OrderService.API\OrderService.API.csproj", "{BE2D46D5-0D12-4FC6-B2B9-747928D51AD3}"
EndProject
Project("{FAE04EC0-301F-11D3-BF4B-00C04F79EFBC}") = "PaymentService.Domain", "services\PaymentService\PaymentService.Domain\PaymentService.Domain.csproj", "{2C4E3E21-9D19-48D6-AF8F-A77FC07E1E4F}"
EndProject
Project("{FAE04EC0-301F-11D3-BF4B-00C04F79EFBC}") = "PaymentService.API", "services\PaymentService\PaymentService.API\PaymentService.API.csproj", "{486B316A-22C7-4047-BBCB-27F62C114A38}"
EndProject
Global
	GlobalSection(SolutionConfigurationPlatforms) = preSolution
		Debug|Any CPU = Debug|Any CPU
		Debug|x64 = Debug|x64
		Debug|x86 = Debug|x86
		Release|Any CPU = Release|Any CPU
		Release|x64 = Release|x64
		Release|x86 = Release|x86
	EndGlobalSection
	GlobalSection(ProjectConfigurationPlatforms) = postSolution
		{198AA86C-D74B-473D-8CE5-193FA737CCFC}.Debug|Any CPU.ActiveCfg = Debug|Any CPU
		{198AA86C-D74B-473D-8CE5-193FA737CCFC}.Debug|Any CPU.Build.0 = Debug|Any CPU
		{198AA86C-D74B-473D-8CE5-193FA737CCFC}.Debug|x64.ActiveCfg = Debug|Any CPU
		{198AA86C-D74B-473D-8CE5-193FA737CCFC}.Debug|x64.Build.0 = Debug|Any CPU
		{198AA86C-D74B-473D-8CE5-193FA737CCFC}.Debug|x86.ActiveCfg = Debug|Any CPU
		{198AA86C-D74B-473D-8CE5-193FA737CCFC}.Debug|x86.Build.0 = Debug|Any CPU
		{198AA86C-D74B-473D-8CE5-193FA737CCFC}.Release|Any CPU.ActiveCfg = Release|Any CPU
		{198AA86C-D74B-473D-8CE5-193FA737CCFC}.Release|Any CPU.Build.0 = Release|Any CPU
		{198AA86C-D74B-473D-8CE5-193FA737CCFC}.Release|x64.ActiveCfg = Release|Any CPU
		{198AA86C-D74B-473D-8CE5-193FA737CCFC}.Release|x64.Build.0 = Release|Any CPU
		{198AA86C-D74B-473D-8CE5-193FA737CCFC}.Release|x86.ActiveCfg = Release|Any CPU
		{198AA86C-D74B-473D-8CE5-193FA737CCFC}.Release|x86.Build.0 = Release|Any CPU
		{DF58BD3A-3FB4-4B96-8A8E-C437A6F3E156}.Debug|Any CPU.ActiveCfg = Debug|Any CPU
		{DF58BD3A-3FB4-4B96-8A8E-C437A6F3E156}.Debug|Any CPU.Build.0 = Debug|Any CPU
		{DF58BD3A-3FB4-4B96-8A8E-C437A6F3E156}.Debug|x64.ActiveCfg = Debug|Any CPU
		{DF58BD3A-3FB4-4B96-8A8E-C437A6F3E156}.Debug|x64.Build.0 = Debug|Any CPU
		{DF58BD3A-3FB4-4B96-8A8E-C437A6F3E156}.Debug|x86.ActiveCfg = Debug|Any CPU
		{DF58BD3A-3FB4-4B96-8A8E-C437A6F3E156}.Debug|x86.Build.0 = Debug|Any CPU
		{DF58BD3A-3FB4-4B96-8A8E-C437A6F3E156}.Release|Any CPU.ActiveCfg = Release|Any CPU
		{DF58BD3A-3FB4-4B96-8A8E-C437A6F3E156}.Release|Any CPU.Build.0 = Release|Any CPU
		{DF58BD3A-3FB4-4B96-8A8E-C437A6F3E156}.Release|x64.ActiveCfg = Release|Any CPU
		{DF58BD3A-3FB4-4B96-8A8E-C437A6F3E156}.Release|x64.Build.0 = Release|Any CPU
		{DF58BD3A-3FB4-4B96-8A8E-C437A6F3E156}.Release|x86.ActiveCfg = Release|Any CPU
		{DF58BD3A-3FB4-4B96-8A8E-C437A6F3E156}.Release|x86.Build.0 = Release|Any CPU
		{165420BD-09AB-48A7-B296-A05DCBC954E3}.Debug|Any CPU.ActiveCfg = Debug|Any CPU
		{165420BD-09AB-48A7-B296-A05DCBC954E3}.Debug|Any CPU.Build.0 = Debug|Any CPU
		{165420BD-09AB-48A7-B296-A05DCBC954E3}.Debug|x64.ActiveCfg = Debug|Any CPU
		{165420BD-09AB-48A7-B296-A05DCBC954E3}.Debug|x64.Build.0 = Debug|Any CPU
		{165420BD-09AB-48A7-B296-A05DCBC954E3}.Debug|x86.ActiveCfg = Debug|Any CPU
		{165420BD-09AB-48A7-B296-A05DCBC954E3}.Debug|x86.Build.0 = Debug|Any CPU
		{165420BD-09AB-48A7-B296-A05DCBC954E3}.Release|Any CPU.ActiveCfg = Release|Any CPU
		{165420BD-09AB-48A7-B296-A05DCBC954E3}.Release|Any CPU.Build.0 = Release|Any CPU
		{165420BD-09AB-48A7-B296-A05DCBC954E3}.Release|x64.ActiveCfg = Release|Any CPU
		{165420BD-09AB-48A7-B296-A05DCBC954E3}.Release|x64.Build.0 = Release|Any CPU
		{165420BD-09AB-48A7-B296-A05DCBC954E3}.Release|x86.ActiveCfg = Release|Any CPU
		{165420BD-09AB-48A7-B296-A05DCBC954E3}.Release|x86.Build.0 = Release|Any CPU
		{4466584E-DAD4-44E1-AFAD-9B2A445FB611}.Debug|Any CPU.ActiveCfg = Debug|Any CPU
		{4466584E-DAD4-44E1-AFAD-9B2A445FB611}.Debug|Any CPU.Build.0 = Debug|Any CPU
		{4466584E-DAD4-44E1-AFAD-9B2A445FB611}.Debug|x64.ActiveCfg = Debug|Any CPU
		{4466584E-DAD4-44E1-AFAD-9B2A445FB611}.Debug|x64.Build.0 = Debug|Any CPU
		{4466584E-DAD4-44E1-AFAD-9B2A445FB611}.Debug|x86.ActiveCfg = Debug|Any CPU
		{4466584E-DAD4-44E1-AFAD-9B2A445FB611}.Debug|x86.Build.0 = Debug|Any CPU
		{4466584E-DAD4-44E1-AFAD-9B2A445FB611}.Release|Any CPU.ActiveCfg = Release|Any CPU
		{4466584E-DAD4-44E1-AFAD-9B2A445FB611}.Release|Any CPU.Build.0 = Release|Any CPU
		{4466584E-DAD4-44E1-AFAD-9B2A445FB611}.Release|x64.ActiveCfg = Release|Any CPU
		{4466584E-DAD4-44E1-AFAD-9B2A445FB611}.Release|x64.Build.0 = Release|Any CPU
		{4466584E-DAD4-44E1-AFAD-9B2A445FB611}.Release|x86.ActiveCfg = Release|Any CPU
		{4466584E-DAD4-44E1-AFAD-9B2A445FB611}.Release|x86.Build.0 = Release|Any CPU
		{C52D486F-36FE-4634-BB37-F6B3CB82F18F}.Debug|Any CPU.ActiveCfg = Debug|Any CPU
		{C52D486F-36FE-4634-BB37-F6B3CB82F18F}.Debug|Any CPU.Build.0 = Debug|Any CPU
		{C52D486F-36FE-4634-BB37-F6B3CB82F18F}.Debug|x64.ActiveCfg = Debug|Any CPU
		{C52D486F-36FE-4634-BB37-F6B3CB82F18F}.Debug|x64.Build.0 = Debug|Any CPU
		{C52D486F-36FE-4634-BB37-F6B3CB82F18F}.Debug|x86.ActiveCfg = Debug|Any CPU
		{C52D486F-36FE-4634-BB37-F6B3CB82F18F}.Debug|x86.Build.0 = Debug|Any CPU
		{C52D486F-36FE-4634-BB37-F6B3CB82F18F}.Release|Any CPU.ActiveCfg = Release|Any CPU
		{C52D486F-36FE-4634-BB37-F6B3CB82F18F}.Release|Any CPU.Build.0 = Release|Any CPU
		{C52D486F-36FE-4634-BB37-F6B3CB82F18F}.Release|x64.ActiveCfg = Release|Any CPU
		{C52D486F-36FE-4634-BB37-F6B3CB82F18F}.Release|x64.Build.0 = Release|Any CPU
		{C52D486F-36FE-4634-BB37-F6B3CB82F18F}.Release|x86.ActiveCfg = Release|Any CPU
		{C52D486F-36FE-4634-BB37-F6B3CB82F18F}.Release|x86.Build.0 = Release|Any CPU
		{0FD8B4ED-5721-4822-BDA3-CAE9BD340E59}.Debug|Any CPU.ActiveCfg = Debug|Any CPU
		{0FD8B4ED-5721-4822-BDA3-CAE9BD340E59}.Debug|Any CPU.Build.0 = Debug|Any CPU
		{0FD8B4ED-5721-4822-BDA3-CAE9BD340E59}.Debug|x64.ActiveCfg = Debug|Any CPU
		{0FD8B4ED-5721-4822-BDA3-CAE9BD340E59}.Debug|x64.Build.0 = Debug|Any CPU
		{0FD8B4ED-5721-4822-BDA3-CAE9BD340E59}.Debug|x86.ActiveCfg = Debug|Any CPU
		{0FD8B4ED-5721-4822-BDA3-CAE9BD340E59}.Debug|x86.Build.0 = Debug|Any CPU
		{0FD8B4ED-5721-4822-BDA3-CAE9BD340E59}.Release|Any CPU.ActiveCfg = Release|Any CPU
		{0FD8B4ED-5721-4822-BDA3-CAE9BD340E59}.Release|Any CPU.Build.0 = Release|Any CPU
		{0FD8B4ED-5721-4822-BDA3-CAE9BD340E59}.Release|x64.ActiveCfg = Release|Any CPU
		{0FD8B4ED-5721-4822-BDA3-CAE9BD340E59}.Release|x64.Build.0 = Release|Any CPU
		{0FD8B4ED-5721-4822-BDA3-CAE9BD340E59}.Release|x86.ActiveCfg = Release|Any CPU
		{0FD8B4ED-5721-4822-BDA3-CAE9BD340E59}.Release|x86.Build.0 = Release|Any CPU
		{C418B456-E983-4242-AB72-D0178A124DC3}.Debug|Any CPU.ActiveCfg = Debug|Any CPU
		{C418B456-E983-4242-AB72-D0178A124DC3}.Debug|Any CPU.Build.0 = Debug|Any CPU
		{C418B456-E983-4242-AB72-D0178A124DC3}.Debug|x64.ActiveCfg = Debug|Any CPU
		{C418B456-E983-4242-AB72-D0178A124DC3}.Debug|x64.Build.0 = Debug|Any CPU
		{C418B456-E983-4242-AB72-D0178A124DC3}.Debug|x86.ActiveCfg = Debug|Any CPU
		{C418B456-E983-4242-AB72-D0178A124DC3}.Debug|x86.Build.0 = Debug|Any CPU
		{C418B456-E983-4242-AB72-D0178A124DC3}.Release|Any CPU.ActiveCfg = Release|Any CPU
		{C418B456-E983-4242-AB72-D0178A124DC3}.Release|Any CPU.Build.0 = Release|Any CPU
		{C418B456-E983-4242-AB72-D0178A124DC3}.Release|x64.ActiveCfg = Release|Any CPU
		{C418B456-E983-4242-AB72-D0178A124DC3}.Release|x64.Build.0 = Release|Any CPU
		{C418B456-E983-4242-AB72-D0178A124DC3}.Release|x86.ActiveCfg = Release|Any CPU
		{C418B456-E983-4242-AB72-D0178A124DC3}.Release|x86.Build.0 = Release|Any CPU
		{A577AE98-321B-4775-8E4E-ED08A39F2C4B}.Debug|Any CPU.ActiveCfg = Debug|Any CPU
		{A577AE98-321B-4775-8E4E-ED08A39F2C4B}.Debug|Any CPU.Build.0 = Debug|Any CPU
		{A577AE98-321B-4775-8E4E-ED08A39F2C4B}.Debug|x64.ActiveCfg = Debug|Any CPU
		{A577AE98-321B-4775-8E4E-ED08A39F2C4B}.Debug|x64.Build.0 = Debug|Any CPU
		{A577AE98-321B-4775-8E4E-ED08A39F2C4B}.Debug|x86.ActiveCfg = Debug|Any CPU
		{A577AE98-321B-4775-8E4E-ED08A39F2C4B}.Debug|x86.Build.0 = Debug|Any CPU
		{A577AE98-321B-4775-8E4E-ED08A39F2C4B}.Release|Any CPU.ActiveCfg = Release|Any CPU
		{A577AE98-321B-4775-8E4E-ED08A39F2C4B}.Release|Any CPU.Build.0 = Release|Any CPU
		{A577AE98-321B-4775-8E4E-ED08A39F2C4B}.Release|x64.ActiveCfg = Release|Any CPU
		{A577AE98-321B-4775-8E4E-ED08A39F2C4B}.Release|x64.Build.0 = Release|Any CPU
		{A577AE98-321B-4775-8E4E-ED08A39F2C4B}.Release|x86.ActiveCfg = Release|Any CPU
		{A577AE98-321B-4775-8E4E-ED08A39F2C4B}.Release|x86.Build.0 = Release|Any CPU
		{CF98CE46-C202-4AF1-BA48-4A8365084555}.Debug|Any CPU.ActiveCfg = Debug|Any CPU
		{CF98CE46-C202-4AF1-BA48-4A8365084555}.Debug|Any CPU.Build.0 = Debug|Any CPU
		{CF98CE46-C202-4AF1-BA48-4A8365084555}.Debug|x64.ActiveCfg = Debug|Any CPU
		{CF98CE46-C202-4AF1-BA48-4A8365084555}.Debug|x64.Build.0 = Debug|Any CPU
		{CF98CE46-C202-4AF1-BA48-4A8365084555}.Debug|x86.ActiveCfg = Debug|Any CPU
		{CF98CE46-C202-4AF1-BA48-4A8365084555}.Debug|x86.Build.0 = Debug|Any CPU
		{CF98CE46-C202-4AF1-BA48-4A8365084555}.Release|Any CPU.ActiveCfg = Release|Any CPU
		{CF98CE46-C202-4AF1-BA48-4A8365084555}.Release|Any CPU.Build.0 = Release|Any CPU
		{CF98CE46-C202-4AF1-BA48-4A8365084555}.Release|x64.ActiveCfg = Release|Any CPU
		{CF98CE46-C202-4AF1-BA48-4A8365084555}.Release|x64.Build.0 = Release|Any CPU
		{CF98CE46-C202-4AF1-BA48-4A8365084555}.Release|x86.ActiveCfg = Release|Any CPU
		{CF98CE46-C202-4AF1-BA48-4A8365084555}.Release|x86.Build.0 = Release|Any CPU
		{089757B5-52A6-4E37-B254-DA26609DD196}.Debug|Any CPU.ActiveCfg = Debug|Any CPU
		{089757B5-52A6-4E37-B254-DA26609DD196}.Debug|Any CPU.Build.0 = Debug|Any CPU
		{089757B5-52A6-4E37-B254-DA26609DD196}.Debug|x64.ActiveCfg = Debug|Any CPU
		{089757B5-52A6-4E37-B254-DA26609DD196}.Debug|x64.Build.0 = Debug|Any CPU
		{089757B5-52A6-4E37-B254-DA26609DD196}.Debug|x86.ActiveCfg = Debug|Any CPU
		{089757B5-52A6-4E37-B254-DA26609DD196}.Debug|x86.Build.0 = Debug|Any CPU
		{089757B5-52A6-4E37-B254-DA26609DD196}.Release|Any CPU.ActiveCfg = Release|Any CPU
		{089757B5-52A6-4E37-B254-DA26609DD196}.Release|Any CPU.Build.0 = Release|Any CPU
		{089757B5-52A6-4E37-B254-DA26609DD196}.Release|x64.ActiveCfg = Release|Any CPU
		{089757B5-52A6-4E37-B254-DA26609DD196}.Release|x64.Build.0 = Release|Any CPU
		{089757B5-52A6-4E37-B254-DA26609DD196}.Release|x86.ActiveCfg = Release|Any CPU
		{089757B5-52A6-4E37-B254-DA26609DD196}.Release|x86.Build.0 = Release|Any CPU
		{1847A11F-76AF-41C6-8790-0A6E6ED98FF9}.Debug|Any CPU.ActiveCfg = Debug|Any CPU
		{1847A11F-76AF-41C6-8790-0A6E6ED98FF9}.Debug|Any CPU.Build.0 = Debug|Any CPU
		{1847A11F-76AF-41C6-8790-0A6E6ED98FF9}.Debug|x64.ActiveCfg = Debug|Any CPU
		{1847A11F-76AF-41C6-8790-0A6E6ED98FF9}.Debug|x64.Build.0 = Debug|Any CPU
		{1847A11F-76AF-41C6-8790-0A6E6ED98FF9}.Debug|x86.ActiveCfg = Debug|Any CPU
		{1847A11F-76AF-41C6-8790-0A6E6ED98FF9}.Debug|x86.Build.0 = Debug|Any CPU
		{1847A11F-76AF-41C6-8790-0A6E6ED98FF9}.Release|Any CPU.ActiveCfg = Release|Any CPU
		{1847A11F-76AF-41C6-8790-0A6E6ED98FF9}.Release|Any CPU.Build.0 = Release|Any CPU
		{1847A11F-76AF-41C6-8790-0A6E6ED98FF9}.Release|x64.ActiveCfg = Release|Any CPU
		{1847A11F-76AF-41C6-8790-0A6E6ED98FF9}.Release|x64.Build.0 = Release|Any CPU
		{1847A11F-76AF-41C6-8790-0A6E6ED98FF9}.Release|x86.ActiveCfg = Release|Any CPU
		{1847A11F-76AF-41C6-8790-0A6E6ED98FF9}.Release|x86.Build.0 = Release|Any CPU
		{44BD368C-629A-4289-9CF7-A8C0A1B807B4}.Debug|Any CPU.ActiveCfg = Debug|Any CPU
		{44BD368C-629A-4289-9CF7-A8C0A1B807B4}.Debug|Any CPU.Build.0 = Debug|Any CPU
		{44BD368C-629A-4289-9CF7-A8C0A1B807B4}.Debug|x64.ActiveCfg = Debug|Any CPU
		{44BD368C-629A-4289-9CF7-A8C0A1B807B4}.Debug|x64.Build.0 = Debug|Any CPU
		{44BD368C-629A-4289-9CF7-A8C0A1B807B4}.Debug|x86.ActiveCfg = Debug|Any CPU
		{44BD368C-629A-4289-9CF7-A8C0A1B807B4}.Debug|x86.Build.0 = Debug|Any CPU
		{44BD368C-629A-4289-9CF7-A8C0A1B807B4}.Release|Any CPU.ActiveCfg = Release|Any CPU
		{44BD368C-629A-4289-9CF7-A8C0A1B807B4}.Release|Any CPU.Build.0 = Release|Any CPU
		{44BD368C-629A-4289-9CF7-A8C0A1B807B4}.Release|x64.ActiveCfg = Release|Any CPU
		{44BD368C-629A-4289-9CF7-A8C0A1B807B4}.Release|x64.Build.0 = Release|Any CPU
		{44BD368C-629A-4289-9CF7-A8C0A1B807B4}.Release|x86.ActiveCfg = Release|Any CPU
		{44BD368C-629A-4289-9CF7-A8C0A1B807B4}.Release|x86.Build.0 = Release|Any CPU
		{65B1C319-139A-4127-BE28-CFA43A403C01}.Debug|Any CPU.ActiveCfg = Debug|Any CPU
		{65B1C319-139A-4127-BE28-CFA43A403C01}.Debug|Any CPU.Build.0 = Debug|Any CPU
		{65B1C319-139A-4127-BE28-CFA43A403C01}.Debug|x64.ActiveCfg = Debug|Any CPU
		{65B1C319-139A-4127-BE28-CFA43A403C01}.Debug|x64.Build.0 = Debug|Any CPU
		{65B1C319-139A-4127-BE28-CFA43A403C01}.Debug|x86.ActiveCfg = Debug|Any CPU
		{65B1C319-139A-4127-BE28-CFA43A403C01}.Debug|x86.Build.0 = Debug|Any CPU
		{65B1C319-139A-4127-BE28-CFA43A403C01}.Release|Any CPU.ActiveCfg = Release|Any CPU
		{65B1C319-139A-4127-BE28-CFA43A403C01}.Release|Any CPU.Build.0 = Release|Any CPU
		{65B1C319-139A-4127-BE28-CFA43A403C01}.Release|x64.ActiveCfg = Release|Any CPU
		{65B1C319-139A-4127-BE28-CFA43A403C01}.Release|x64.Build.0 = Release|Any CPU
		{65B1C319-139A-4127-BE28-CFA43A403C01}.Release|x86.ActiveCfg = Release|Any CPU
		{65B1C319-139A-4127-BE28-CFA43A403C01}.Release|x86.Build.0 = Release|Any CPU
		{BCE9AB5E-539D-4A67-AF50-D4B6981A4B0C}.Debug|Any CPU.ActiveCfg = Debug|Any CPU
		{BCE9AB5E-539D-4A67-AF50-D4B6981A4B0C}.Debug|Any CPU.Build.0 = Debug|Any CPU
		{BCE9AB5E-539D-4A67-AF50-D4B6981A4B0C}.Debug|x64.ActiveCfg = Debug|Any CPU
		{BCE9AB5E-539D-4A67-AF50-D4B6981A4B0C}.Debug|x64.Build.0 = Debug|Any CPU
		{BCE9AB5E-539D-4A67-AF50-D4B6981A4B0C}.Debug|x86.ActiveCfg = Debug|Any CPU
		{BCE9AB5E-539D-4A67-AF50-D4B6981A4B0C}.Debug|x86.Build.0 = Debug|Any CPU
		{BCE9AB5E-539D-4A67-AF50-D4B6981A4B0C}.Release|Any CPU.ActiveCfg = Release|Any CPU
		{BCE9AB5E-539D-4A67-AF50-D4B6981A4B0C}.Release|Any CPU.Build.0 = Release|Any CPU
		{BCE9AB5E-539D-4A67-AF50-D4B6981A4B0C}.Release|x64.ActiveCfg = Release|Any CPU
		{BCE9AB5E-539D-4A67-AF50-D4B6981A4B0C}.Release|x64.Build.0 = Release|Any CPU
		{BCE9AB5E-539D-4A67-AF50-D4B6981A4B0C}.Release|x86.ActiveCfg = Release|Any CPU
		{BCE9AB5E-539D-4A67-AF50-D4B6981A4B0C}.Release|x86.Build.0 = Release|Any CPU
		{3E8AE49F-269F-4478-8486-8633C97039FC}.Debug|Any CPU.ActiveCfg = Debug|Any CPU
		{3E8AE49F-269F-4478-8486-8633C97039FC}.Debug|Any CPU.Build.0 = Debug|Any CPU
		{3E8AE49F-269F-4478-8486-8633C97039FC}.Debug|x64.ActiveCfg = Debug|Any CPU
		{3E8AE49F-269F-4478-8486-8633C97039FC}.Debug|x64.Build.0 = Debug|Any CPU
		{3E8AE49F-269F-4478-8486-8633C97039FC}.Debug|x86.ActiveCfg = Debug|Any CPU
		{3E8AE49F-269F-4478-8486-8633C97039FC}.Debug|x86.Build.0 = Debug|Any CPU
		{3E8AE49F-269F-4478-8486-8633C97039FC}.Release|Any CPU.ActiveCfg = Release|Any CPU
		{3E8AE49F-269F-4478-8486-8633C97039FC}.Release|Any CPU.Build.0 = Release|Any CPU
		{3E8AE49F-269F-4478-8486-8633C97039FC}.Release|x64.ActiveCfg = Release|Any CPU
		{3E8AE49F-269F-4478-8486-8633C97039FC}.Release|x64.Build.0 = Release|Any CPU
		{3E8AE49F-269F-4478-8486-8633C97039FC}.Release|x86.ActiveCfg = Release|Any CPU
		{3E8AE49F-269F-4478-8486-8633C97039FC}.Release|x86.Build.0 = Release|Any CPU
		{BE2D46D5-0D12-4FC6-B2B9-747928D51AD3}.Debug|Any CPU.ActiveCfg = Debug|Any CPU
		{BE2D46D5-0D12-4FC6-B2B9-747928D51AD3}.Debug|Any CPU.Build.0 = Debug|Any CPU
		{BE2D46D5-0D12-4FC6-B2B9-747928D51AD3}.Debug|x64.ActiveCfg = Debug|Any CPU
		{BE2D46D5-0D12-4FC6-B2B9-747928D51AD3}.Debug|x64.Build.0 = Debug|Any CPU
		{BE2D46D5-0D12-4FC6-B2B9-747928D51AD3}.Debug|x86.ActiveCfg = Debug|Any CPU
		{BE2D46D5-0D12-4FC6-B2B9-747928D51AD3}.Debug|x86.Build.0 = Debug|Any CPU
		{BE2D46D5-0D12-4FC6-B2B9-747928D51AD3}.Release|Any CPU.ActiveCfg = Release|Any CPU
		{BE2D46D5-0D12-4FC6-B2B9-747928D51AD3}.Release|Any CPU.Build.0 = Release|Any CPU
		{BE2D46D5-0D12-4FC6-B2B9-747928D51AD3}.Release|x64.ActiveCfg = Release|Any CPU
		{BE2D46D5-0D12-4FC6-B2B9-747928D51AD3}.Release|x64.Build.0 = Release|Any CPU
		{BE2D46D5-0D12-4FC6-B2B9-747928D51AD3}.Release|x86.ActiveCfg = Release|Any CPU
		{BE2D46D5-0D12-4FC6-B2B9-747928D51AD3}.Release|x86.Build.0 = Release|Any CPU
		{2C4E3E21-9D19-48D6-AF8F-A77FC07E1E4F}.Debug|Any CPU.ActiveCfg = Debug|Any CPU
		{2C4E3E21-9D19-48D6-AF8F-A77FC07E1E4F}.Debug|Any CPU.Build.0 = Debug|Any CPU
		{2C4E3E21-9D19-48D6-AF8F-A77FC07E1E4F}.Debug|x64.ActiveCfg = Debug|Any CPU
		{2C4E3E21-9D19-48D6-AF8F-A77FC07E1E4F}.Debug|x64.Build.0 = Debug|Any CPU
		{2C4E3E21-9D19-48D6-AF8F-A77FC07E1E4F}.Debug|x86.ActiveCfg = Debug|Any CPU
		{2C4E3E21-9D19-48D6-AF8F-A77FC07E1E4F}.Debug|x86.Build.0 = Debug|Any CPU
		{2C4E3E21-9D19-48D6-AF8F-A77FC07E1E4F}.Release|Any CPU.ActiveCfg = Release|Any CPU
		{2C4E3E21-9D19-48D6-AF8F-A77FC07E1E4F}.Release|Any CPU.Build.0 = Release|Any CPU
		{2C4E3E21-9D19-48D6-AF8F-A77FC07E1E4F}.Release|x64.ActiveCfg = Release|Any CPU
		{2C4E3E21-9D19-48D6-AF8F-A77FC07E1E4F}.Release|x64.Build.0 = Release|Any CPU
		{2C4E3E21-9D19-48D6-AF8F-A77FC07E1E4F}.Release|x86.ActiveCfg = Release|Any CPU
		{2C4E3E21-9D19-48D6-AF8F-A77FC07E1E4F}.Release|x86.Build.0 = Release|Any CPU
		{486B316A-22C7-4047-BBCB-27F62C114A38}.Debug|Any CPU.ActiveCfg = Debug|Any CPU
		{486B316A-22C7-4047-BBCB-27F62C114A38}.Debug|Any CPU.Build.0 = Debug|Any CPU
		{486B316A-22C7-4047-BBCB-27F62C114A38}.Debug|x64.ActiveCfg = Debug|Any CPU
		{486B316A-22C7-4047-BBCB-27F62C114A38}.Debug|x64.Build.0 = Debug|Any CPU
		{486B316A-22C7-4047-BBCB-27F62C114A38}.Debug|x86.ActiveCfg = Debug|Any CPU
		{486B316A-22C7-4047-BBCB-27F62C114A38}.Debug|x86.Build.0 = Debug|Any CPU
		{486B316A-22C7-4047-BBCB-27F62C114A38}.Release|Any CPU.ActiveCfg = Release|Any CPU
		{486B316A-22C7-4047-BBCB-27F62C114A38}.Release|Any CPU.Build.0 = Release|Any CPU
		{486B316A-22C7-4047-BBCB-27F62C114A38}.Release|x64.ActiveCfg = Release|Any CPU
		{486B316A-22C7-4047-BBCB-27F62C114A38}.Release|x64.Build.0 = Release|Any CPU
		{486B316A-22C7-4047-BBCB-27F62C114A38}.Release|x86.ActiveCfg = Release|Any CPU
		{486B316A-22C7-4047-BBCB-27F62C114A38}.Release|x86.Build.0 = Release|Any CPU
	EndGlobalSection
	GlobalSection(SolutionProperties) = preSolution
		HideSolutionNode = FALSE
	EndGlobalSection
	GlobalSection(NestedProjects) = preSolution
		{198AA86C-D74B-473D-8CE5-193FA737CCFC} = {31CBEB51-93DC-9CA1-DA8D-67643319BEE1}
		{DF58BD3A-3FB4-4B96-8A8E-C437A6F3E156} = {31CBEB51-93DC-9CA1-DA8D-67643319BEE1}
		{165420BD-09AB-48A7-B296-A05DCBC954E3} = {31CBEB51-93DC-9CA1-DA8D-67643319BEE1}
		{4466584E-DAD4-44E1-AFAD-9B2A445FB611} = {31CBEB51-93DC-9CA1-DA8D-67643319BEE1}
		{C52D486F-36FE-4634-BB37-F6B3CB82F18F} = {31CBEB51-93DC-9CA1-DA8D-67643319BEE1}
		{0FD8B4ED-5721-4822-BDA3-CAE9BD340E59} = {31CBEB51-93DC-9CA1-DA8D-67643319BEE1}
		{C418B456-E983-4242-AB72-D0178A124DC3} = {31CBEB51-93DC-9CA1-DA8D-67643319BEE1}
		{A577AE98-321B-4775-8E4E-ED08A39F2C4B} = {31CBEB51-93DC-9CA1-DA8D-67643319BEE1}
		{CF98CE46-C202-4AF1-BA48-4A8365084555} = {31CBEB51-93DC-9CA1-DA8D-67643319BEE1}
		{089757B5-52A6-4E37-B254-DA26609DD196} = {31CBEB51-93DC-9CA1-DA8D-67643319BEE1}
		{1847A11F-76AF-41C6-8790-0A6E6ED98FF9} = {31CBEB51-93DC-9CA1-DA8D-67643319BEE1}
		{44BD368C-629A-4289-9CF7-A8C0A1B807B4} = {31CBEB51-93DC-9CA1-DA8D-67643319BEE1}
		{65B1C319-139A-4127-BE28-CFA43A403C01} = {31CBEB51-93DC-9CA1-DA8D-67643319BEE1}
		{BCE9AB5E-539D-4A67-AF50-D4B6981A4B0C} = {31CBEB51-93DC-9CA1-DA8D-67643319BEE1}
		{3E8AE49F-269F-4478-8486-8633C97039FC} = {31CBEB51-93DC-9CA1-DA8D-67643319BEE1}
		{BE2D46D5-0D12-4FC6-B2B9-747928D51AD3} = {31CBEB51-93DC-9CA1-DA8D-67643319BEE1}
		{2C4E3E21-9D19-48D6-AF8F-A77FC07E1E4F} = {31CBEB51-93DC-9CA1-DA8D-67643319BEE1}
		{486B316A-22C7-4047-BBCB-27F62C114A38} = {31CBEB51-93DC-9CA1-DA8D-67643319BEE1}
	EndGlobalSection
EndGlobal
